
Microsoft Visual Studio Solution File, Format Version 12.00
# Visual Studio 15
VisualStudioVersion = 15.0.26730.15
MinimumVisualStudioVersion = 10.0.40219.1
Project("{FAE04EC0-301F-11D3-BF4B-00C04F79EFBC}") = "Demo_OO.Android", "Demo_OO\Demo_OO.Android\Demo_OO.Android.csproj", "{9B5B6390-418A-4EB3-9B3C-87D37253401A}"
EndProject
Project("{FAE04EC0-301F-11D3-BF4B-00C04F79EFBC}") = "Demo_OO", "Demo_OO\Demo_OO\Demo_OO.csproj", "{3E65830B-2F1F-403C-8A34-C45B7815EC16}"
EndProject
Project("{FAE04EC0-301F-11D3-BF4B-00C04F79EFBC}") = "Demo_OO.UWP", "Demo_OO\Demo_OO.UWP\Demo_OO.UWP.csproj", "{737250CC-C5F6-4B0D-803B-A182698963C5}"
EndProject
Project("{FAE04EC0-301F-11D3-BF4B-00C04F79EFBC}") = "Demo_OO.iOS", "Demo_OO\Demo_OO.iOS\Demo_OO.iOS.csproj", "{8D6AD9DC-C6DA-45B4-976A-8220D19D5B50}"
EndProject
Global
	GlobalSection(SolutionConfigurationPlatforms) = preSolution
		Ad-Hoc|Any CPU = Ad-Hoc|Any CPU
		Ad-Hoc|ARM = Ad-Hoc|ARM
		Ad-Hoc|iPhone = Ad-Hoc|iPhone
		Ad-Hoc|iPhoneSimulator = Ad-Hoc|iPhoneSimulator
		Ad-Hoc|x64 = Ad-Hoc|x64
		Ad-Hoc|x86 = Ad-Hoc|x86
		AppStore|Any CPU = AppStore|Any CPU
		AppStore|ARM = AppStore|ARM
		AppStore|iPhone = AppStore|iPhone
		AppStore|iPhoneSimulator = AppStore|iPhoneSimulator
		AppStore|x64 = AppStore|x64
		AppStore|x86 = AppStore|x86
		Debug|Any CPU = Debug|Any CPU
		Debug|ARM = Debug|ARM
		Debug|iPhone = Debug|iPhone
		Debug|iPhoneSimulator = Debug|iPhoneSimulator
		Debug|x64 = Debug|x64
		Debug|x86 = Debug|x86
		Release|Any CPU = Release|Any CPU
		Release|ARM = Release|ARM
		Release|iPhone = Release|iPhone
		Release|iPhoneSimulator = Release|iPhoneSimulator
		Release|x64 = Release|x64
		Release|x86 = Release|x86
	EndGlobalSection
	GlobalSection(ProjectConfigurationPlatforms) = postSolution
		{9B5B6390-418A-4EB3-9B3C-87D37253401A}.Ad-Hoc|Any CPU.ActiveCfg = Release|Any CPU
		{9B5B6390-418A-4EB3-9B3C-87D37253401A}.Ad-Hoc|Any CPU.Build.0 = Release|Any CPU
		{9B5B6390-418A-4EB3-9B3C-87D37253401A}.Ad-Hoc|Any CPU.Deploy.0 = Release|Any CPU
		{9B5B6390-418A-4EB3-9B3C-87D37253401A}.Ad-Hoc|ARM.ActiveCfg = Release|Any CPU
		{9B5B6390-418A-4EB3-9B3C-87D37253401A}.Ad-Hoc|ARM.Build.0 = Release|Any CPU
		{9B5B6390-418A-4EB3-9B3C-87D37253401A}.Ad-Hoc|ARM.Deploy.0 = Release|Any CPU
		{9B5B6390-418A-4EB3-9B3C-87D37253401A}.Ad-Hoc|iPhone.ActiveCfg = Release|Any CPU
		{9B5B6390-418A-4EB3-9B3C-87D37253401A}.Ad-Hoc|iPhone.Build.0 = Release|Any CPU
		{9B5B6390-418A-4EB3-9B3C-87D37253401A}.Ad-Hoc|iPhone.Deploy.0 = Release|Any CPU
		{9B5B6390-418A-4EB3-9B3C-87D37253401A}.Ad-Hoc|iPhoneSimulator.ActiveCfg = Release|Any CPU
		{9B5B6390-418A-4EB3-9B3C-87D37253401A}.Ad-Hoc|iPhoneSimulator.Build.0 = Release|Any CPU
		{9B5B6390-418A-4EB3-9B3C-87D37253401A}.Ad-Hoc|iPhoneSimulator.Deploy.0 = Release|Any CPU
		{9B5B6390-418A-4EB3-9B3C-87D37253401A}.Ad-Hoc|x64.ActiveCfg = Release|Any CPU
		{9B5B6390-418A-4EB3-9B3C-87D37253401A}.Ad-Hoc|x64.Build.0 = Release|Any CPU
		{9B5B6390-418A-4EB3-9B3C-87D37253401A}.Ad-Hoc|x64.Deploy.0 = Release|Any CPU
		{9B5B6390-418A-4EB3-9B3C-87D37253401A}.Ad-Hoc|x86.ActiveCfg = Release|Any CPU
		{9B5B6390-418A-4EB3-9B3C-87D37253401A}.Ad-Hoc|x86.Build.0 = Release|Any CPU
		{9B5B6390-418A-4EB3-9B3C-87D37253401A}.Ad-Hoc|x86.Deploy.0 = Release|Any CPU
		{9B5B6390-418A-4EB3-9B3C-87D37253401A}.AppStore|Any CPU.ActiveCfg = Release|Any CPU
		{9B5B6390-418A-4EB3-9B3C-87D37253401A}.AppStore|Any CPU.Build.0 = Release|Any CPU
		{9B5B6390-418A-4EB3-9B3C-87D37253401A}.AppStore|Any CPU.Deploy.0 = Release|Any CPU
		{9B5B6390-418A-4EB3-9B3C-87D37253401A}.AppStore|ARM.ActiveCfg = Release|Any CPU
		{9B5B6390-418A-4EB3-9B3C-87D37253401A}.AppStore|ARM.Build.0 = Release|Any CPU
		{9B5B6390-418A-4EB3-9B3C-87D37253401A}.AppStore|ARM.Deploy.0 = Release|Any CPU
		{9B5B6390-418A-4EB3-9B3C-87D37253401A}.AppStore|iPhone.ActiveCfg = Release|Any CPU
		{9B5B6390-418A-4EB3-9B3C-87D37253401A}.AppStore|iPhone.Build.0 = Release|Any CPU
		{9B5B6390-418A-4EB3-9B3C-87D37253401A}.AppStore|iPhone.Deploy.0 = Release|Any CPU
		{9B5B6390-418A-4EB3-9B3C-87D37253401A}.AppStore|iPhoneSimulator.ActiveCfg = Release|Any CPU
		{9B5B6390-418A-4EB3-9B3C-87D37253401A}.AppStore|iPhoneSimulator.Build.0 = Release|Any CPU
		{9B5B6390-418A-4EB3-9B3C-87D37253401A}.AppStore|iPhoneSimulator.Deploy.0 = Release|Any CPU
		{9B5B6390-418A-4EB3-9B3C-87D37253401A}.AppStore|x64.ActiveCfg = Release|Any CPU
		{9B5B6390-418A-4EB3-9B3C-87D37253401A}.AppStore|x64.Build.0 = Release|Any CPU
		{9B5B6390-418A-4EB3-9B3C-87D37253401A}.AppStore|x64.Deploy.0 = Release|Any CPU
		{9B5B6390-418A-4EB3-9B3C-87D37253401A}.AppStore|x86.ActiveCfg = Release|Any CPU
		{9B5B6390-418A-4EB3-9B3C-87D37253401A}.AppStore|x86.Build.0 = Release|Any CPU
		{9B5B6390-418A-4EB3-9B3C-87D37253401A}.AppStore|x86.Deploy.0 = Release|Any CPU
		{9B5B6390-418A-4EB3-9B3C-87D37253401A}.Debug|Any CPU.ActiveCfg = Debug|Any CPU
		{9B5B6390-418A-4EB3-9B3C-87D37253401A}.Debug|Any CPU.Build.0 = Debug|Any CPU
		{9B5B6390-418A-4EB3-9B3C-87D37253401A}.Debug|Any CPU.Deploy.0 = Debug|Any CPU
		{9B5B6390-418A-4EB3-9B3C-87D37253401A}.Debug|ARM.ActiveCfg = Debug|Any CPU
		{9B5B6390-418A-4EB3-9B3C-87D37253401A}.Debug|ARM.Build.0 = Debug|Any CPU
		{9B5B6390-418A-4EB3-9B3C-87D37253401A}.Debug|ARM.Deploy.0 = Debug|Any CPU
		{9B5B6390-418A-4EB3-9B3C-87D37253401A}.Debug|iPhone.ActiveCfg = Debug|Any CPU
		{9B5B6390-418A-4EB3-9B3C-87D37253401A}.Debug|iPhone.Build.0 = Debug|Any CPU
		{9B5B6390-418A-4EB3-9B3C-87D37253401A}.Debug|iPhone.Deploy.0 = Debug|Any CPU
		{9B5B6390-418A-4EB3-9B3C-87D37253401A}.Debug|iPhoneSimulator.ActiveCfg = Debug|Any CPU
		{9B5B6390-418A-4EB3-9B3C-87D37253401A}.Debug|iPhoneSimulator.Build.0 = Debug|Any CPU
		{9B5B6390-418A-4EB3-9B3C-87D37253401A}.Debug|iPhoneSimulator.Deploy.0 = Debug|Any CPU
		{9B5B6390-418A-4EB3-9B3C-87D37253401A}.Debug|x64.ActiveCfg = Debug|Any CPU
		{9B5B6390-418A-4EB3-9B3C-87D37253401A}.Debug|x64.Build.0 = Debug|Any CPU
		{9B5B6390-418A-4EB3-9B3C-87D37253401A}.Debug|x64.Deploy.0 = Debug|Any CPU
		{9B5B6390-418A-4EB3-9B3C-87D37253401A}.Debug|x86.ActiveCfg = Debug|Any CPU
		{9B5B6390-418A-4EB3-9B3C-87D37253401A}.Debug|x86.Build.0 = Debug|Any CPU
		{9B5B6390-418A-4EB3-9B3C-87D37253401A}.Debug|x86.Deploy.0 = Debug|Any CPU
		{9B5B6390-418A-4EB3-9B3C-87D37253401A}.Release|Any CPU.ActiveCfg = Release|Any CPU
		{9B5B6390-418A-4EB3-9B3C-87D37253401A}.Release|Any CPU.Build.0 = Release|Any CPU
		{9B5B6390-418A-4EB3-9B3C-87D37253401A}.Release|Any CPU.Deploy.0 = Release|Any CPU
		{9B5B6390-418A-4EB3-9B3C-87D37253401A}.Release|ARM.ActiveCfg = Release|Any CPU
		{9B5B6390-418A-4EB3-9B3C-87D37253401A}.Release|ARM.Build.0 = Release|Any CPU
		{9B5B6390-418A-4EB3-9B3C-87D37253401A}.Release|ARM.Deploy.0 = Release|Any CPU
		{9B5B6390-418A-4EB3-9B3C-87D37253401A}.Release|iPhone.ActiveCfg = Release|Any CPU
		{9B5B6390-418A-4EB3-9B3C-87D37253401A}.Release|iPhone.Build.0 = Release|Any CPU
		{9B5B6390-418A-4EB3-9B3C-87D37253401A}.Release|iPhone.Deploy.0 = Release|Any CPU
		{9B5B6390-418A-4EB3-9B3C-87D37253401A}.Release|iPhoneSimulator.ActiveCfg = Release|Any CPU
		{9B5B6390-418A-4EB3-9B3C-87D37253401A}.Release|iPhoneSimulator.Build.0 = Release|Any CPU
		{9B5B6390-418A-4EB3-9B3C-87D37253401A}.Release|iPhoneSimulator.Deploy.0 = Release|Any CPU
		{9B5B6390-418A-4EB3-9B3C-87D37253401A}.Release|x64.ActiveCfg = Release|Any CPU
		{9B5B6390-418A-4EB3-9B3C-87D37253401A}.Release|x64.Build.0 = Release|Any CPU
		{9B5B6390-418A-4EB3-9B3C-87D37253401A}.Release|x64.Deploy.0 = Release|Any CPU
		{9B5B6390-418A-4EB3-9B3C-87D37253401A}.Release|x86.ActiveCfg = Release|Any CPU
		{9B5B6390-418A-4EB3-9B3C-87D37253401A}.Release|x86.Build.0 = Release|Any CPU
		{9B5B6390-418A-4EB3-9B3C-87D37253401A}.Release|x86.Deploy.0 = Release|Any CPU
		{3E65830B-2F1F-403C-8A34-C45B7815EC16}.Ad-Hoc|Any CPU.ActiveCfg = Release|Any CPU
		{3E65830B-2F1F-403C-8A34-C45B7815EC16}.Ad-Hoc|Any CPU.Build.0 = Release|Any CPU
		{3E65830B-2F1F-403C-8A34-C45B7815EC16}.Ad-Hoc|ARM.ActiveCfg = Release|Any CPU
		{3E65830B-2F1F-403C-8A34-C45B7815EC16}.Ad-Hoc|ARM.Build.0 = Release|Any CPU
		{3E65830B-2F1F-403C-8A34-C45B7815EC16}.Ad-Hoc|iPhone.ActiveCfg = Release|Any CPU
		{3E65830B-2F1F-403C-8A34-C45B7815EC16}.Ad-Hoc|iPhone.Build.0 = Release|Any CPU
		{3E65830B-2F1F-403C-8A34-C45B7815EC16}.Ad-Hoc|iPhoneSimulator.ActiveCfg = Release|Any CPU
		{3E65830B-2F1F-403C-8A34-C45B7815EC16}.Ad-Hoc|iPhoneSimulator.Build.0 = Release|Any CPU
		{3E65830B-2F1F-403C-8A34-C45B7815EC16}.Ad-Hoc|x64.ActiveCfg = Release|Any CPU
		{3E65830B-2F1F-403C-8A34-C45B7815EC16}.Ad-Hoc|x64.Build.0 = Release|Any CPU
		{3E65830B-2F1F-403C-8A34-C45B7815EC16}.Ad-Hoc|x86.ActiveCfg = Release|Any CPU
		{3E65830B-2F1F-403C-8A34-C45B7815EC16}.Ad-Hoc|x86.Build.0 = Release|Any CPU
		{3E65830B-2F1F-403C-8A34-C45B7815EC16}.AppStore|Any CPU.ActiveCfg = Release|Any CPU
		{3E65830B-2F1F-403C-8A34-C45B7815EC16}.AppStore|Any CPU.Build.0 = Release|Any CPU
		{3E65830B-2F1F-403C-8A34-C45B7815EC16}.AppStore|ARM.ActiveCfg = Release|Any CPU
		{3E65830B-2F1F-403C-8A34-C45B7815EC16}.AppStore|ARM.Build.0 = Release|Any CPU
		{3E65830B-2F1F-403C-8A34-C45B7815EC16}.AppStore|iPhone.ActiveCfg = Release|Any CPU
		{3E65830B-2F1F-403C-8A34-C45B7815EC16}.AppStore|iPhone.Build.0 = Release|Any CPU
		{3E65830B-2F1F-403C-8A34-C45B7815EC16}.AppStore|iPhoneSimulator.ActiveCfg = Release|Any CPU
		{3E65830B-2F1F-403C-8A34-C45B7815EC16}.AppStore|iPhoneSimulator.Build.0 = Release|Any CPU
		{3E65830B-2F1F-403C-8A34-C45B7815EC16}.AppStore|x64.ActiveCfg = Release|Any CPU
		{3E65830B-2F1F-403C-8A34-C45B7815EC16}.AppStore|x64.Build.0 = Release|Any CPU
		{3E65830B-2F1F-403C-8A34-C45B7815EC16}.AppStore|x86.ActiveCfg = Release|Any CPU
		{3E65830B-2F1F-403C-8A34-C45B7815EC16}.AppStore|x86.Build.0 = Release|Any CPU
		{3E65830B-2F1F-403C-8A34-C45B7815EC16}.Debug|Any CPU.ActiveCfg = Debug|Any CPU
		{3E65830B-2F1F-403C-8A34-C45B7815EC16}.Debug|Any CPU.Build.0 = Debug|Any CPU
		{3E65830B-2F1F-403C-8A34-C45B7815EC16}.Debug|ARM.ActiveCfg = Debug|Any CPU
		{3E65830B-2F1F-403C-8A34-C45B7815EC16}.Debug|ARM.Build.0 = Debug|Any CPU
		{3E65830B-2F1F-403C-8A34-C45B7815EC16}.Debug|iPhone.ActiveCfg = Debug|Any CPU
		{3E65830B-2F1F-403C-8A34-C45B7815EC16}.Debug|iPhone.Build.0 = Debug|Any CPU
		{3E65830B-2F1F-403C-8A34-C45B7815EC16}.Debug|iPhoneSimulator.ActiveCfg = Debug|Any CPU
		{3E65830B-2F1F-403C-8A34-C45B7815EC16}.Debug|iPhoneSimulator.Build.0 = Debug|Any CPU
		{3E65830B-2F1F-403C-8A34-C45B7815EC16}.Debug|x64.ActiveCfg = Debug|Any CPU
		{3E65830B-2F1F-403C-8A34-C45B7815EC16}.Debug|x64.Build.0 = Debug|Any CPU
		{3E65830B-2F1F-403C-8A34-C45B7815EC16}.Debug|x86.ActiveCfg = Debug|Any CPU
		{3E65830B-2F1F-403C-8A34-C45B7815EC16}.Debug|x86.Build.0 = Debug|Any CPU
		{3E65830B-2F1F-403C-8A34-C45B7815EC16}.Release|Any CPU.ActiveCfg = Release|Any CPU
		{3E65830B-2F1F-403C-8A34-C45B7815EC16}.Release|Any CPU.Build.0 = Release|Any CPU
		{3E65830B-2F1F-403C-8A34-C45B7815EC16}.Release|ARM.ActiveCfg = Release|Any CPU
		{3E65830B-2F1F-403C-8A34-C45B7815EC16}.Release|ARM.Build.0 = Release|Any CPU
		{3E65830B-2F1F-403C-8A34-C45B7815EC16}.Release|iPhone.ActiveCfg = Release|Any CPU
		{3E65830B-2F1F-403C-8A34-C45B7815EC16}.Release|iPhone.Build.0 = Release|Any CPU
		{3E65830B-2F1F-403C-8A34-C45B7815EC16}.Release|iPhoneSimulator.ActiveCfg = Release|Any CPU
		{3E65830B-2F1F-403C-8A34-C45B7815EC16}.Release|iPhoneSimulator.Build.0 = Release|Any CPU
		{3E65830B-2F1F-403C-8A34-C45B7815EC16}.Release|x64.ActiveCfg = Release|Any CPU
		{3E65830B-2F1F-403C-8A34-C45B7815EC16}.Release|x64.Build.0 = Release|Any CPU
		{3E65830B-2F1F-403C-8A34-C45B7815EC16}.Release|x86.ActiveCfg = Release|Any CPU
		{3E65830B-2F1F-403C-8A34-C45B7815EC16}.Release|x86.Build.0 = Release|Any CPU
		{737250CC-C5F6-4B0D-803B-A182698963C5}.Ad-Hoc|Any CPU.ActiveCfg = Release|x86
		{737250CC-C5F6-4B0D-803B-A182698963C5}.Ad-Hoc|Any CPU.Build.0 = Release|x86
		{737250CC-C5F6-4B0D-803B-A182698963C5}.Ad-Hoc|Any CPU.Deploy.0 = Release|x86
		{737250CC-C5F6-4B0D-803B-A182698963C5}.Ad-Hoc|ARM.ActiveCfg = Release|ARM
		{737250CC-C5F6-4B0D-803B-A182698963C5}.Ad-Hoc|ARM.Build.0 = Release|ARM
		{737250CC-C5F6-4B0D-803B-A182698963C5}.Ad-Hoc|ARM.Deploy.0 = Release|ARM
		{737250CC-C5F6-4B0D-803B-A182698963C5}.Ad-Hoc|iPhone.ActiveCfg = Release|x86
		{737250CC-C5F6-4B0D-803B-A182698963C5}.Ad-Hoc|iPhone.Build.0 = Release|x86
		{737250CC-C5F6-4B0D-803B-A182698963C5}.Ad-Hoc|iPhone.Deploy.0 = Release|x86
		{737250CC-C5F6-4B0D-803B-A182698963C5}.Ad-Hoc|iPhoneSimulator.ActiveCfg = Release|x86
		{737250CC-C5F6-4B0D-803B-A182698963C5}.Ad-Hoc|iPhoneSimulator.Build.0 = Release|x86
		{737250CC-C5F6-4B0D-803B-A182698963C5}.Ad-Hoc|iPhoneSimulator.Deploy.0 = Release|x86
		{737250CC-C5F6-4B0D-803B-A182698963C5}.Ad-Hoc|x64.ActiveCfg = Release|x64
		{737250CC-C5F6-4B0D-803B-A182698963C5}.Ad-Hoc|x64.Build.0 = Release|x64
		{737250CC-C5F6-4B0D-803B-A182698963C5}.Ad-Hoc|x64.Deploy.0 = Release|x64
		{737250CC-C5F6-4B0D-803B-A182698963C5}.Ad-Hoc|x86.ActiveCfg = Release|x86
		{737250CC-C5F6-4B0D-803B-A182698963C5}.Ad-Hoc|x86.Build.0 = Release|x86
		{737250CC-C5F6-4B0D-803B-A182698963C5}.Ad-Hoc|x86.Deploy.0 = Release|x86
		{737250CC-C5F6-4B0D-803B-A182698963C5}.AppStore|Any CPU.ActiveCfg = Release|x86
		{737250CC-C5F6-4B0D-803B-A182698963C5}.AppStore|Any CPU.Build.0 = Release|x86
		{737250CC-C5F6-4B0D-803B-A182698963C5}.AppStore|Any CPU.Deploy.0 = Release|x86
		{737250CC-C5F6-4B0D-803B-A182698963C5}.AppStore|ARM.ActiveCfg = Release|ARM
		{737250CC-C5F6-4B0D-803B-A182698963C5}.AppStore|ARM.Build.0 = Release|ARM
		{737250CC-C5F6-4B0D-803B-A182698963C5}.AppStore|ARM.Deploy.0 = Release|ARM
		{737250CC-C5F6-4B0D-803B-A182698963C5}.AppStore|iPhone.ActiveCfg = Release|x86
		{737250CC-C5F6-4B0D-803B-A182698963C5}.AppStore|iPhone.Build.0 = Release|x86
		{737250CC-C5F6-4B0D-803B-A182698963C5}.AppStore|iPhone.Deploy.0 = Release|x86
		{737250CC-C5F6-4B0D-803B-A182698963C5}.AppStore|iPhoneSimulator.ActiveCfg = Release|x86
		{737250CC-C5F6-4B0D-803B-A182698963C5}.AppStore|iPhoneSimulator.Build.0 = Release|x86
		{737250CC-C5F6-4B0D-803B-A182698963C5}.AppStore|iPhoneSimulator.Deploy.0 = Release|x86
		{737250CC-C5F6-4B0D-803B-A182698963C5}.AppStore|x64.ActiveCfg = Release|x64
		{737250CC-C5F6-4B0D-803B-A182698963C5}.AppStore|x64.Build.0 = Release|x64
		{737250CC-C5F6-4B0D-803B-A182698963C5}.AppStore|x64.Deploy.0 = Release|x64
		{737250CC-C5F6-4B0D-803B-A182698963C5}.AppStore|x86.ActiveCfg = Release|x86
		{737250CC-C5F6-4B0D-803B-A182698963C5}.AppStore|x86.Build.0 = Release|x86
		{737250CC-C5F6-4B0D-803B-A182698963C5}.AppStore|x86.Deploy.0 = Release|x86
		{737250CC-C5F6-4B0D-803B-A182698963C5}.Debug|Any CPU.ActiveCfg = Debug|x86
		{737250CC-C5F6-4B0D-803B-A182698963C5}.Debug|ARM.ActiveCfg = Debug|ARM
		{737250CC-C5F6-4B0D-803B-A182698963C5}.Debug|ARM.Build.0 = Debug|ARM
		{737250CC-C5F6-4B0D-803B-A182698963C5}.Debug|ARM.Deploy.0 = Debug|ARM
		{737250CC-C5F6-4B0D-803B-A182698963C5}.Debug|iPhone.ActiveCfg = Debug|x86
		{737250CC-C5F6-4B0D-803B-A182698963C5}.Debug|iPhoneSimulator.ActiveCfg = Debug|x86
		{737250CC-C5F6-4B0D-803B-A182698963C5}.Debug|x64.ActiveCfg = Debug|x64
		{737250CC-C5F6-4B0D-803B-A182698963C5}.Debug|x64.Build.0 = Debug|x64
		{737250CC-C5F6-4B0D-803B-A182698963C5}.Debug|x64.Deploy.0 = Debug|x64
		{737250CC-C5F6-4B0D-803B-A182698963C5}.Debug|x86.ActiveCfg = Debug|x86
		{737250CC-C5F6-4B0D-803B-A182698963C5}.Debug|x86.Build.0 = Debug|x86
		{737250CC-C5F6-4B0D-803B-A182698963C5}.Debug|x86.Deploy.0 = Debug|x86
		{737250CC-C5F6-4B0D-803B-A182698963C5}.Release|Any CPU.ActiveCfg = Release|x86
		{737250CC-C5F6-4B0D-803B-A182698963C5}.Release|ARM.ActiveCfg = Release|ARM
		{737250CC-C5F6-4B0D-803B-A182698963C5}.Release|ARM.Build.0 = Release|ARM
		{737250CC-C5F6-4B0D-803B-A182698963C5}.Release|ARM.Deploy.0 = Release|ARM
		{737250CC-C5F6-4B0D-803B-A182698963C5}.Release|iPhone.ActiveCfg = Release|x86
		{737250CC-C5F6-4B0D-803B-A182698963C5}.Release|iPhoneSimulator.ActiveCfg = Release|x86
		{737250CC-C5F6-4B0D-803B-A182698963C5}.Release|x64.ActiveCfg = Release|x64
		{737250CC-C5F6-4B0D-803B-A182698963C5}.Release|x64.Build.0 = Release|x64
		{737250CC-C5F6-4B0D-803B-A182698963C5}.Release|x64.Deploy.0 = Release|x64
		{737250CC-C5F6-4B0D-803B-A182698963C5}.Release|x86.ActiveCfg = Release|x86
		{737250CC-C5F6-4B0D-803B-A182698963C5}.Release|x86.Build.0 = Release|x86
		{737250CC-C5F6-4B0D-803B-A182698963C5}.Release|x86.Deploy.0 = Release|x86
		{8D6AD9DC-C6DA-45B4-976A-8220D19D5B50}.Ad-Hoc|Any CPU.ActiveCfg = Ad-Hoc|iPhone
		{8D6AD9DC-C6DA-45B4-976A-8220D19D5B50}.Ad-Hoc|ARM.ActiveCfg = Ad-Hoc|iPhone
		{8D6AD9DC-C6DA-45B4-976A-8220D19D5B50}.Ad-Hoc|iPhone.ActiveCfg = Ad-Hoc|iPhone
		{8D6AD9DC-C6DA-45B4-976A-8220D19D5B50}.Ad-Hoc|iPhone.Build.0 = Ad-Hoc|iPhone
		{8D6AD9DC-C6DA-45B4-976A-8220D19D5B50}.Ad-Hoc|iPhoneSimulator.ActiveCfg = Ad-Hoc|iPhoneSimulator
		{8D6AD9DC-C6DA-45B4-976A-8220D19D5B50}.Ad-Hoc|iPhoneSimulator.Build.0 = Ad-Hoc|iPhoneSimulator
		{8D6AD9DC-C6DA-45B4-976A-8220D19D5B50}.Ad-Hoc|x64.ActiveCfg = Ad-Hoc|iPhone
		{8D6AD9DC-C6DA-45B4-976A-8220D19D5B50}.Ad-Hoc|x86.ActiveCfg = Ad-Hoc|iPhone
		{8D6AD9DC-C6DA-45B4-976A-8220D19D5B50}.AppStore|Any CPU.ActiveCfg = AppStore|iPhone
		{8D6AD9DC-C6DA-45B4-976A-8220D19D5B50}.AppStore|ARM.ActiveCfg = AppStore|iPhone
		{8D6AD9DC-C6DA-45B4-976A-8220D19D5B50}.AppStore|iPhone.ActiveCfg = AppStore|iPhone
		{8D6AD9DC-C6DA-45B4-976A-8220D19D5B50}.AppStore|iPhone.Build.0 = AppStore|iPhone
		{8D6AD9DC-C6DA-45B4-976A-8220D19D5B50}.AppStore|iPhoneSimulator.ActiveCfg = AppStore|iPhoneSimulator
		{8D6AD9DC-C6DA-45B4-976A-8220D19D5B50}.AppStore|iPhoneSimulator.Build.0 = AppStore|iPhoneSimulator
		{8D6AD9DC-C6DA-45B4-976A-8220D19D5B50}.AppStore|x64.ActiveCfg = AppStore|iPhone
		{8D6AD9DC-C6DA-45B4-976A-8220D19D5B50}.AppStore|x86.ActiveCfg = AppStore|iPhone
		{8D6AD9DC-C6DA-45B4-976A-8220D19D5B50}.Debug|Any CPU.ActiveCfg = Debug|iPhone
		{8D6AD9DC-C6DA-45B4-976A-8220D19D5B50}.Debug|ARM.ActiveCfg = Debug|iPhone
		{8D6AD9DC-C6DA-45B4-976A-8220D19D5B50}.Debug|iPhone.ActiveCfg = Debug|iPhone
		{8D6AD9DC-C6DA-45B4-976A-8220D19D5B50}.Debug|iPhone.Build.0 = Debug|iPhone
		{8D6AD9DC-C6DA-45B4-976A-8220D19D5B50}.Debug|iPhoneSimulator.ActiveCfg = Debug|iPhoneSimulator
		{8D6AD9DC-C6DA-45B4-976A-8220D19D5B50}.Debug|iPhoneSimulator.Build.0 = Debug|iPhoneSimulator
		{8D6AD9DC-C6DA-45B4-976A-8220D19D5B50}.Debug|x64.ActiveCfg = Debug|iPhone
		{8D6AD9DC-C6DA-45B4-976A-8220D19D5B50}.Debug|x86.ActiveCfg = Debug|iPhone
		{8D6AD9DC-C6DA-45B4-976A-8220D19D5B50}.Release|Any CPU.ActiveCfg = Release|iPhone
		{8D6AD9DC-C6DA-45B4-976A-8220D19D5B50}.Release|ARM.ActiveCfg = Release|iPhone
		{8D6AD9DC-C6DA-45B4-976A-8220D19D5B50}.Release|iPhone.ActiveCfg = Release|iPhone
		{8D6AD9DC-C6DA-45B4-976A-8220D19D5B50}.Release|iPhone.Build.0 = Release|iPhone
		{8D6AD9DC-C6DA-45B4-976A-8220D19D5B50}.Release|iPhoneSimulator.ActiveCfg = Release|iPhoneSimulator
		{8D6AD9DC-C6DA-45B4-976A-8220D19D5B50}.Release|iPhoneSimulator.Build.0 = Release|iPhoneSimulator
		{8D6AD9DC-C6DA-45B4-976A-8220D19D5B50}.Release|x64.ActiveCfg = Release|iPhone
		{8D6AD9DC-C6DA-45B4-976A-8220D19D5B50}.Release|x86.ActiveCfg = Release|iPhone
	EndGlobalSection
	GlobalSection(SolutionProperties) = preSolution
		HideSolutionNode = FALSE
	EndGlobalSection
	GlobalSection(ExtensibilityGlobals) = postSolution
		SolutionGuid = {6C9C5E3D-2765-43A7-AC8C-12E0225C2072}
	EndGlobalSection
EndGlobal
